
Microsoft Visual Studio Solution File, Format Version 12.00
# Visual Studio Version 16
VisualStudioVersion = 16.0.29728.190
MinimumVisualStudioVersion = 10.0.40219.1
Project("{FAE04EC0-301F-11D3-BF4B-00C04F79EFBC}") = "HealthRecords", "HealthRecords\HealthRecords.csproj", "{7786D100-8B4F-455A-B93D-D6AA1A7824E0}"
EndProject
Project("{FAE04EC0-301F-11D3-BF4B-00C04F79EFBC}") = "HealthRecords.Models", "HealthRecords.Models\HealthRecords.Models.csproj", "{0BF3B812-9716-4992-B4AC-2A597827BBF5}"
EndProject
Project("{FAE04EC0-301F-11D3-BF4B-00C04F79EFBC}") = "HealthRecords.DL", "HealthRecords.DL\HealthRecords.DL.csproj", "{77F32560-3149-4AA8-BAB3-DDDCCB068473}"
EndProject
Project("{FAE04EC0-301F-11D3-BF4B-00C04F79EFBC}") = "HealthRecords.BL", "HealthRecords.BL\HealthRecords.BL.csproj", "{23410969-C73E-4249-9397-213D05E35C21}"
EndProject
Global
	GlobalSection(SolutionConfigurationPlatforms) = preSolution
		Debug|Any CPU = Debug|Any CPU
		Release|Any CPU = Release|Any CPU
	EndGlobalSection
	GlobalSection(ProjectConfigurationPlatforms) = postSolution
		{7786D100-8B4F-455A-B93D-D6AA1A7824E0}.Debug|Any CPU.ActiveCfg = Debug|Any CPU
		{7786D100-8B4F-455A-B93D-D6AA1A7824E0}.Debug|Any CPU.Build.0 = Debug|Any CPU
		{7786D100-8B4F-455A-B93D-D6AA1A7824E0}.Release|Any CPU.ActiveCfg = Release|Any CPU
		{7786D100-8B4F-455A-B93D-D6AA1A7824E0}.Release|Any CPU.Build.0 = Release|Any CPU
		{0BF3B812-9716-4992-B4AC-2A597827BBF5}.Debug|Any CPU.ActiveCfg = Debug|Any CPU
		{0BF3B812-9716-4992-B4AC-2A597827BBF5}.Debug|Any CPU.Build.0 = Debug|Any CPU
		{0BF3B812-9716-4992-B4AC-2A597827BBF5}.Release|Any CPU.ActiveCfg = Release|Any CPU
		{0BF3B812-9716-4992-B4AC-2A597827BBF5}.Release|Any CPU.Build.0 = Release|Any CPU
		{77F32560-3149-4AA8-BAB3-DDDCCB068473}.Debug|Any CPU.ActiveCfg = Debug|Any CPU
		{77F32560-3149-4AA8-BAB3-DDDCCB068473}.Debug|Any CPU.Build.0 = Debug|Any CPU
		{77F32560-3149-4AA8-BAB3-DDDCCB068473}.Release|Any CPU.ActiveCfg = Release|Any CPU
		{77F32560-3149-4AA8-BAB3-DDDCCB068473}.Release|Any CPU.Build.0 = Release|Any CPU
		{23410969-C73E-4249-9397-213D05E35C21}.Debug|Any CPU.ActiveCfg = Debug|Any CPU
		{23410969-C73E-4249-9397-213D05E35C21}.Debug|Any CPU.Build.0 = Debug|Any CPU
		{23410969-C73E-4249-9397-213D05E35C21}.Release|Any CPU.ActiveCfg = Release|Any CPU
		{23410969-C73E-4249-9397-213D05E35C21}.Release|Any CPU.Build.0 = Release|Any CPU
	EndGlobalSection
	GlobalSection(SolutionProperties) = preSolution
		HideSolutionNode = FALSE
	EndGlobalSection
	GlobalSection(ExtensibilityGlobals) = postSolution
		SolutionGuid = {02EDB61F-513C-4EC2-B862-A747BB55ECEA}
	EndGlobalSection
EndGlobal
